
Microsoft Visual Studio Solution File, Format Version 12.00
# Visual Studio Version 17
VisualStudioVersion = 17.4.33122.133
MinimumVisualStudioVersion = 10.0.40219.1
Project("{9A19103F-16F7-4668-BE54-9A1E7A4F7556}") = "Api", "Api\Api.csproj", "{EB18B1AA-931B-4EFF-AF8F-8175152BDA22}"
EndProject
Project("{9A19103F-16F7-4668-BE54-9A1E7A4F7556}") = "RSA", "RSA\RSA.csproj", "{E670CF40-9A59-4BCE-B582-A0A79D9D724B}"
EndProject
Project("{9A19103F-16F7-4668-BE54-9A1E7A4F7556}") = "AES", "AES\AES.csproj", "{D5143AAA-806F-41B9-B8E0-A99460D36532}"
EndProject
Project("{E53339B2-1760-4266-BCC7-CA923CBCF16C}") = "docker-compose", "docker-compose.dcproj", "{72EFD696-97A4-4C32-97E7-DAB121007215}"
EndProject
Global
	GlobalSection(SolutionConfigurationPlatforms) = preSolution
		Debug|Any CPU = Debug|Any CPU
		Development|Any CPU = Development|Any CPU
		Release|Any CPU = Release|Any CPU
	EndGlobalSection
	GlobalSection(ProjectConfigurationPlatforms) = postSolution
		{EB18B1AA-931B-4EFF-AF8F-8175152BDA22}.Debug|Any CPU.ActiveCfg = Debug|Any CPU
		{EB18B1AA-931B-4EFF-AF8F-8175152BDA22}.Debug|Any CPU.Build.0 = Debug|Any CPU
		{EB18B1AA-931B-4EFF-AF8F-8175152BDA22}.Development|Any CPU.ActiveCfg = Development|Any CPU
		{EB18B1AA-931B-4EFF-AF8F-8175152BDA22}.Development|Any CPU.Build.0 = Development|Any CPU
		{EB18B1AA-931B-4EFF-AF8F-8175152BDA22}.Release|Any CPU.ActiveCfg = Release|Any CPU
		{EB18B1AA-931B-4EFF-AF8F-8175152BDA22}.Release|Any CPU.Build.0 = Release|Any CPU
		{E670CF40-9A59-4BCE-B582-A0A79D9D724B}.Debug|Any CPU.ActiveCfg = Debug|Any CPU
		{E670CF40-9A59-4BCE-B582-A0A79D9D724B}.Debug|Any CPU.Build.0 = Debug|Any CPU
		{E670CF40-9A59-4BCE-B582-A0A79D9D724B}.Development|Any CPU.ActiveCfg = Debug|Any CPU
		{E670CF40-9A59-4BCE-B582-A0A79D9D724B}.Development|Any CPU.Build.0 = Debug|Any CPU
		{E670CF40-9A59-4BCE-B582-A0A79D9D724B}.Release|Any CPU.ActiveCfg = Release|Any CPU
		{E670CF40-9A59-4BCE-B582-A0A79D9D724B}.Release|Any CPU.Build.0 = Release|Any CPU
		{D5143AAA-806F-41B9-B8E0-A99460D36532}.Debug|Any CPU.ActiveCfg = Debug|Any CPU
		{D5143AAA-806F-41B9-B8E0-A99460D36532}.Debug|Any CPU.Build.0 = Debug|Any CPU
		{D5143AAA-806F-41B9-B8E0-A99460D36532}.Development|Any CPU.ActiveCfg = Debug|Any CPU
		{D5143AAA-806F-41B9-B8E0-A99460D36532}.Development|Any CPU.Build.0 = Debug|Any CPU
		{D5143AAA-806F-41B9-B8E0-A99460D36532}.Release|Any CPU.ActiveCfg = Release|Any CPU
		{D5143AAA-806F-41B9-B8E0-A99460D36532}.Release|Any CPU.Build.0 = Release|Any CPU
		{72EFD696-97A4-4C32-97E7-DAB121007215}.Debug|Any CPU.ActiveCfg = Debug|Any CPU
		{72EFD696-97A4-4C32-97E7-DAB121007215}.Debug|Any CPU.Build.0 = Debug|Any CPU
		{72EFD696-97A4-4C32-97E7-DAB121007215}.Development|Any CPU.ActiveCfg = Debug|Any CPU
		{72EFD696-97A4-4C32-97E7-DAB121007215}.Development|Any CPU.Build.0 = Debug|Any CPU
		{72EFD696-97A4-4C32-97E7-DAB121007215}.Release|Any CPU.ActiveCfg = Release|Any CPU
		{72EFD696-97A4-4C32-97E7-DAB121007215}.Release|Any CPU.Build.0 = Release|Any CPU
	EndGlobalSection
	GlobalSection(SolutionProperties) = preSolution
		HideSolutionNode = FALSE
	EndGlobalSection
	GlobalSection(ExtensibilityGlobals) = postSolution
		SolutionGuid = {B9BF28A2-8E5C-41C1-9EB3-E11D0C569C70}
	EndGlobalSection
EndGlobal
